
Microsoft Visual Studio Solution File, Format Version 12.00
# Visual Studio 14
VisualStudioVersion = 14.0.25420.1
MinimumVisualStudioVersion = 10.0.40219.1
Project("{FAE04EC0-301F-11D3-BF4B-00C04F79EFBC}") = "TemperatureService", "TemperatureService\TemperatureService.csproj", "{355937FE-40DD-401B-B3A3-024F22C8356C}"
EndProject
Project("{FAE04EC0-301F-11D3-BF4B-00C04F79EFBC}") = "TemperatureServicePDI2016", "TemperatureServicePDI2016\TemperatureServicePDI2016.csproj", "{AEDD0CE6-7CA8-4490-B1CA-5651FAA8FA85}"
EndProject
Global
	GlobalSection(SolutionConfigurationPlatforms) = preSolution
		Debug|Any CPU = Debug|Any CPU
		Release|Any CPU = Release|Any CPU
	EndGlobalSection
	GlobalSection(ProjectConfigurationPlatforms) = postSolution
		{355937FE-40DD-401B-B3A3-024F22C8356C}.Debug|Any CPU.ActiveCfg = Debug|Any CPU
		{355937FE-40DD-401B-B3A3-024F22C8356C}.Debug|Any CPU.Build.0 = Debug|Any CPU
		{355937FE-40DD-401B-B3A3-024F22C8356C}.Release|Any CPU.ActiveCfg = Release|Any CPU
		{355937FE-40DD-401B-B3A3-024F22C8356C}.Release|Any CPU.Build.0 = Release|Any CPU
		{AEDD0CE6-7CA8-4490-B1CA-5651FAA8FA85}.Debug|Any CPU.ActiveCfg = Debug|Any CPU
		{AEDD0CE6-7CA8-4490-B1CA-5651FAA8FA85}.Debug|Any CPU.Build.0 = Debug|Any CPU
		{AEDD0CE6-7CA8-4490-B1CA-5651FAA8FA85}.Release|Any CPU.ActiveCfg = Release|Any CPU
		{AEDD0CE6-7CA8-4490-B1CA-5651FAA8FA85}.Release|Any CPU.Build.0 = Release|Any CPU
	EndGlobalSection
	GlobalSection(SolutionProperties) = preSolution
		HideSolutionNode = FALSE
	EndGlobalSection
EndGlobal
